
Microsoft Visual Studio Solution File, Format Version 12.00
# Visual Studio Version 16
VisualStudioVersion = 16.0.31005.135
MinimumVisualStudioVersion = 10.0.40219.1
Project("{8BC9CEB8-8B4A-11D0-8D11-00A0C91BC942}") = "fword_ts2_fn", "fword_ts2_fn\fword_ts2_fn.vcxproj", "{275C7B76-DE40-4343-8E0D-EEC4752035F2}"
EndProject
Global
	GlobalSection(SolutionConfigurationPlatforms) = preSolution
		Debug|x64 = Debug|x64
		Debug|x86 = Debug|x86
		Release|x64 = Release|x64
		Release|x86 = Release|x86
	EndGlobalSection
	GlobalSection(ProjectConfigurationPlatforms) = postSolution
		{275C7B76-DE40-4343-8E0D-EEC4752035F2}.Debug|x64.ActiveCfg = Debug|x64
		{275C7B76-DE40-4343-8E0D-EEC4752035F2}.Debug|x64.Build.0 = Debug|x64
		{275C7B76-DE40-4343-8E0D-EEC4752035F2}.Debug|x86.ActiveCfg = Debug|Win32
		{275C7B76-DE40-4343-8E0D-EEC4752035F2}.Debug|x86.Build.0 = Debug|Win32
		{275C7B76-DE40-4343-8E0D-EEC4752035F2}.Release|x64.ActiveCfg = Release|x64
		{275C7B76-DE40-4343-8E0D-EEC4752035F2}.Release|x64.Build.0 = Release|x64
		{275C7B76-DE40-4343-8E0D-EEC4752035F2}.Release|x86.ActiveCfg = Release|Win32
		{275C7B76-DE40-4343-8E0D-EEC4752035F2}.Release|x86.Build.0 = Release|Win32
	EndGlobalSection
	GlobalSection(SolutionProperties) = preSolution
		HideSolutionNode = FALSE
	EndGlobalSection
	GlobalSection(ExtensibilityGlobals) = postSolution
		SolutionGuid = {1A4BBA4D-1AA1-4C75-8BB4-17A7ECBDA1C2}
	EndGlobalSection
EndGlobal
